Microsoft Visual Studio Solution File, Format Version 12.00
# Visual Studio Version 17
VisualStudioVersion = 17.5.2.0
MinimumVisualStudioVersion = 10.0.40219.1
Project("{FAE04EC0-301F-11D3-BF4B-00C04F79EFBC}") = "BookSystemApi", "BookSystemApi\BookSystemApi.csproj", "{CD6377F3-A97B-D65D-B2AB-F74131763996}"
EndProject
Global
	GlobalSection(SolutionConfigurationPlatforms) = preSolution
		Debug|Any CPU = Debug|Any CPU
		Release|Any CPU = Release|Any CPU
	EndGlobalSection
	GlobalSection(ProjectConfigurationPlatforms) = postSolution
		{CD6377F3-A97B-D65D-B2AB-F74131763996}.Debug|Any CPU.ActiveCfg = Debug|Any CPU
		{CD6377F3-A97B-D65D-B2AB-F74131763996}.Debug|Any CPU.Build.0 = Debug|Any CPU
		{CD6377F3-A97B-D65D-B2AB-F74131763996}.Release|Any CPU.ActiveCfg = Release|Any CPU
		{CD6377F3-A97B-D65D-B2AB-F74131763996}.Release|Any CPU.Build.0 = Release|Any CPU
	EndGlobalSection
	GlobalSection(SolutionProperties) = preSolution
		HideSolutionNode = FALSE
	EndGlobalSection
	GlobalSection(ExtensibilityGlobals) = postSolution
		SolutionGuid = {E5B5C0FF-F668-4B96-AC7F-8FC0D4458BD5}
	EndGlobalSection
EndGlobal
